
Microsoft Visual Studio Solution File, Format Version 12.00
# Visual Studio Version 16
VisualStudioVersion = 16.0.31424.327
MinimumVisualStudioVersion = 10.0.40219.1
Project("{FAE04EC0-301F-11D3-BF4B-00C04F79EFBC}") = "SoundSensor", "SoundSensor.csproj", "{87539D2E-982B-4400-96E0-E4D73548B921}"
EndProject
Global
	GlobalSection(SolutionConfigurationPlatforms) = preSolution
		Debug|Any CPU = Debug|Any CPU
		Release|Any CPU = Release|Any CPU
	EndGlobalSection
	GlobalSection(ProjectConfigurationPlatforms) = postSolution
		{87539D2E-982B-4400-96E0-E4D73548B921}.Debug|Any CPU.ActiveCfg = Debug|Any CPU
		{87539D2E-982B-4400-96E0-E4D73548B921}.Debug|Any CPU.Build.0 = Debug|Any CPU
		{87539D2E-982B-4400-96E0-E4D73548B921}.Release|Any CPU.ActiveCfg = Release|Any CPU
		{87539D2E-982B-4400-96E0-E4D73548B921}.Release|Any CPU.Build.0 = Release|Any CPU
	EndGlobalSection
	GlobalSection(SolutionProperties) = preSolution
		HideSolutionNode = FALSE
	EndGlobalSection
	GlobalSection(ExtensibilityGlobals) = postSolution
		SolutionGuid = {6D7EB112-E003-4E42-BE21-0654FE3604E4}
	EndGlobalSection
EndGlobal
