
Microsoft Visual Studio Solution File, Format Version 12.00
# Visual Studio Version 16
VisualStudioVersion = 16.0.31424.327
MinimumVisualStudioVersion = 10.0.40219.1
Project("{FAE04EC0-301F-11D3-BF4B-00C04F79EFBC}") = "AccelerometerI2C", "AccelerometerI2C\AccelerometerI2C.csproj", "{8798C02F-4DB6-4B25-B4A8-CD1D62BE7908}"
EndProject
Global
	GlobalSection(SolutionConfigurationPlatforms) = preSolution
		Debug|Any CPU = Debug|Any CPU
		Release|Any CPU = Release|Any CPU
	EndGlobalSection
	GlobalSection(ProjectConfigurationPlatforms) = postSolution
		{8798C02F-4DB6-4B25-B4A8-CD1D62BE7908}.Debug|Any CPU.ActiveCfg = Debug|Any CPU
		{8798C02F-4DB6-4B25-B4A8-CD1D62BE7908}.Debug|Any CPU.Build.0 = Debug|Any CPU
		{8798C02F-4DB6-4B25-B4A8-CD1D62BE7908}.Release|Any CPU.ActiveCfg = Release|Any CPU
		{8798C02F-4DB6-4B25-B4A8-CD1D62BE7908}.Release|Any CPU.Build.0 = Release|Any CPU
	EndGlobalSection
	GlobalSection(SolutionProperties) = preSolution
		HideSolutionNode = FALSE
	EndGlobalSection
	GlobalSection(ExtensibilityGlobals) = postSolution
		SolutionGuid = {B017882C-5809-4EFC-BD04-231BD197FF9E}
	EndGlobalSection
EndGlobal
